PODS:
  - Kingfisher (7.4.1)
  - localdb_api (1.0)
  - localdb_dto (1.0)
  - mokoMvvmFlowSwiftUI (0.13.0)
  - rick_morty (1.0)
  - shared_logic (1.0)

DEPENDENCIES:
  - Kingfisher (~> 7.0)
  - localdb_api (from `../modules/localdb-api`)
  - localdb_dto (from `../modules/localdb-dto`)
  - mokoMvvmFlowSwiftUI (from `https://raw.githubusercontent.com/icerockdev/moko-mvvm/release/0.13.0/mokoMvvmFlowSwiftUI.podspec`)
  - rick_morty (from `../modules/rick-morty`)
  - shared_logic (from `../modules/shared-logic`)

SPEC REPOS:
  trunk:
    - Kingfisher

EXTERNAL SOURCES:
  localdb_api:
    :path: "../modules/localdb-api"
  localdb_dto:
    :path: "../modules/localdb-dto"
  mokoMvvmFlowSwiftUI:
    :podspec: https://raw.githubusercontent.com/icerockdev/moko-mvvm/release/0.13.0/mokoMvvmFlowSwiftUI.podspec
  rick_morty:
    :path: "../modules/rick-morty"
  shared_logic:
    :path: "../modules/shared-logic"

SPEC CHECKSUMS:
  Kingfisher: cd762a593a61b2fbecf7645c00f9a801a3ebfc9c
  localdb_api: d2e3d58ebf76a420af2b0b5b20328416b9ad246d
  localdb_dto: 3997971fafb569235346b4b0e974c7099105a0d2
  mokoMvvmFlowSwiftUI: 64572433b11ad2512ddc16141fc64cf8b958c675
  rick_morty: c1d3df3e79943971297ff12b42aaaf2c83ec7b94
  shared_logic: dece37dd4c13b8596e2c3cc7b704c2153dd2f8e5

PODFILE CHECKSUM: e41ae675e2bd9008a82e4538197d5d0fc7ebdcd7

COCOAPODS: 1.11.3
